# THIS IS AN AUTOGENERATED FILE. DO NOT EDIT THIS FILE DIRECTLY.
# yarn lockfile v1


"@esbuild/linux-x64@0.17.11":
  "integrity" "sha512-rM/v8UlluxpytFSmVdbCe1yyKQd/e+FmIJE2oPJvbBo+D0XVWi1y/NQ4iTNx+436WmDHQBjVLrbnAQLQ6U7wlw=="
  "resolved" "https://registry.npmjs.org/@esbuild/linux-x64/-/linux-x64-0.17.11.tgz"
  "version" "0.17.11"

"@hotwired/stimulus@^3.2.1":
  "integrity" "sha512-HGlzDcf9vv/EQrMJ5ZG6VWNs8Z/xMN+1o2OhV1gKiSG6CqZt5MCBB1gRg5ILiN3U0jEAxuDTNPRfBcnZBDmupQ=="
  "resolved" "https://registry.npmjs.org/@hotwired/stimulus/-/stimulus-3.2.1.tgz"
  "version" "3.2.1"

"esbuild@^0.17.11":
  "integrity" "sha512-pAMImyokbWDtnA/ufPxjQg0fYo2DDuzAlqwnDvbXqHLphe+m80eF++perYKVm8LeTuj2zUuFXC+xgSVxyoHUdg=="
  "resolved" "https://registry.npmjs.org/esbuild/-/esbuild-0.17.11.tgz"
  "version" "0.17.11"
  optionalDependencies:
    "@esbuild/android-arm" "0.17.11"
    "@esbuild/android-arm64" "0.17.11"
    "@esbuild/android-x64" "0.17.11"
    "@esbuild/darwin-arm64" "0.17.11"
    "@esbuild/darwin-x64" "0.17.11"
    "@esbuild/freebsd-arm64" "0.17.11"
    "@esbuild/freebsd-x64" "0.17.11"
    "@esbuild/linux-arm" "0.17.11"
    "@esbuild/linux-arm64" "0.17.11"
    "@esbuild/linux-ia32" "0.17.11"
    "@esbuild/linux-loong64" "0.17.11"
    "@esbuild/linux-mips64el" "0.17.11"
    "@esbuild/linux-ppc64" "0.17.11"
    "@esbuild/linux-riscv64" "0.17.11"
    "@esbuild/linux-s390x" "0.17.11"
    "@esbuild/linux-x64" "0.17.11"
    "@esbuild/netbsd-x64" "0.17.11"
    "@esbuild/openbsd-x64" "0.17.11"
    "@esbuild/sunos-x64" "0.17.11"
    "@esbuild/win32-arm64" "0.17.11"
    "@esbuild/win32-ia32" "0.17.11"
    "@esbuild/win32-x64" "0.17.11"

"js-tokens@^3.0.0 || ^4.0.0":
  "integrity" "sha512-RdJUflcE3cUzKiMqQgsCu06FPu9UdIJO0beYbPhHN4k6apgJtifcoCtT9bcxOpYBtpD2kCM6Sbzg4CausW/PKQ=="
  "resolved" "https://registry.npmjs.org/js-tokens/-/js-tokens-4.0.0.tgz"
  "version" "4.0.0"

"loose-envify@^1.1.0":
  "integrity" "sha512-lyuxPGr/Wfhrlem2CL/UcnUc1zcqKAImBDzukY7Y5F/yQiNdko6+fRLevlw1HgMySw7f611UIY408EtxRSoK3Q=="
  "resolved" "https://registry.npmjs.org/loose-envify/-/loose-envify-1.4.0.tgz"
  "version" "1.4.0"
  dependencies:
    "js-tokens" "^3.0.0 || ^4.0.0"

"react-dom@^18.2.0":
  "integrity" "sha512-6IMTriUmvsjHUjNtEDudZfuDQUoWXVxKHhlEGSk81n4YFS+r/Kl99wXiwlVXtPBtJenozv2P+hxDsw9eA7Xo6g=="
  "resolved" "https://registry.npmjs.org/react-dom/-/react-dom-18.2.0.tgz"
  "version" "18.2.0"
  dependencies:
    "loose-envify" "^1.1.0"
    "scheduler" "^0.23.0"

"react@^18.2.0":
  "integrity" "sha512-/3IjMdb2L9QbBdWiW5e3P2/npwMBaU9mHCSCUzNln0ZCYbcfTsGbTJrU/kGemdH2IWmB2ioZ+zkxtmq6g09fGQ=="
  "resolved" "https://registry.npmjs.org/react/-/react-18.2.0.tgz"
  "version" "18.2.0"
  dependencies:
    "loose-envify" "^1.1.0"

"scheduler@^0.23.0":
  "integrity" "sha512-CtuThmgHNg7zIZWAXi3AsyIzA3n4xx7aNyjwC2VJldO2LMVDhFK+63xGqq6CsJH4rTAt6/M+N4GhZiDYPx9eUw=="
  "resolved" "https://registry.npmjs.org/scheduler/-/scheduler-0.23.0.tgz"
  "version" "0.23.0"
  dependencies:
    "loose-envify" "^1.1.0"
